{
  "object": {
    "pins": [
      {
        "package": "SwiftKit",
        "repositoryURL": "https://github.com/wendyliga/SwiftKit.git",
        "state": {
          "branch": null,
          "revision": "391846c051f6c0b83ba729baebb89d3ff92750d4",
          "version": "2.0.1"
        }
      }
    ]
  },
  "version": 1
}
